// !$*UTF8*$!
{
	archiveVersion = 1;
	classes = {
	};
	objectVersion = 50;
	objects = {

/* Begin PBXBuildFile section */
		8DF5CA9C2571E4FB009AFE11 /* AppDelegate.swift in Sources */ = {isa = PBXBuildFile; fileRef = 8DF5CA9B2571E4FB009AFE11 /* AppDelegate.swift */; };
		8DF5CA9E2571E4FB009AFE11 /* RootView.swift in Sources */ = {isa = PBXBuildFile; fileRef = 8DF5CA9D2571E4FB009AFE11 /* RootView.swift */; };
		8DF5CAA02571E4FB009AFE11 /* Assets.xcassets in Resources */ = {isa = PBXBuildFile; fileRef = 8DF5CA9F2571E4FB009AFE11 /* Assets.xcassets */; };
		8DF5CAA32571E4FB009AFE11 /* Preview Assets.xcassets in Resources */ = {isa = PBXBuildFile; fileRef = 8DF5CAA22571E4FB009AFE11 /* Preview Assets.xcassets */; };
		8DF5CAA62571E4FB009AFE11 /* Main.storyboard in Resources */ = {isa = PBXBuildFile; fileRef = 8DF5CAA42571E4FB009AFE11 /* Main.storyboard */; };
		8DF5CAB62571E67B009AFE11 /* Branch.swift in Sources */ = {isa = PBXBuildFile; fileRef = 8DF5CAB52571E67B009AFE11 /* Branch.swift */; };
		8DF5CABA2571E684009AFE11 /* LocalRepo.swift in Sources */ = {isa = PBXBuildFile; fileRef = 8DF5CAB92571E684009AFE11 /* LocalRepo.swift */; };
		8DF5CAC32571E6E3009AFE11 /* GitService.swift in Sources */ = {isa = PBXBuildFile; fileRef = 8DF5CAC22571E6E3009AFE11 /* GitService.swift */; };
		8DF5CAC62571E71C009AFE11 /* ReposViewModel.swift in Sources */ = {isa = PBXBuildFile; fileRef = 8DF5CAC52571E71C009AFE11 /* ReposViewModel.swift */; };
		8DF5CAC92571E758009AFE11 /* BranchesViewModel.swift in Sources */ = {isa = PBXBuildFile; fileRef = 8DF5CAC82571E758009AFE11 /* BranchesViewModel.swift */; };
		8DF5CAD325737733009AFE11 /* ReposView.swift in Sources */ = {isa = PBXBuildFile; fileRef = 8DF5CAD225737733009AFE11 /* ReposView.swift */; };
		8DF5CAEE2573C1BE009AFE11 /* BranchesView.swift in Sources */ = {isa = PBXBuildFile; fileRef = 8DF5CAED2573C1BE009AFE11 /* BranchesView.swift */; };
/* End PBXBuildFile section */

/* Begin PBXFileReference section */
		8DF5CA982571E4FB009AFE11 /* Gump.app */ = {isa = PBXFileReference; explicitFileType = wrapper.application; includeInIndex = 0; path = Gump.app; sourceTree = BUILT_PRODUCTS_DIR; };
		8DF5CA9B2571E4FB009AFE11 /* AppDelegate.swift */ = {isa = PBXFileReference; lastKnownFileType = sourcecode.swift; path = AppDelegate.swift; sourceTree = "<group>"; };
		8DF5CA9D2571E4FB009AFE11 /* RootView.swift */ = {isa = PBXFileReference; lastKnownFileType = sourcecode.swift; path = RootView.swift; sourceTree = "<group>"; };
		8DF5CA9F2571E4FB009AFE11 /* Assets.xcassets */ = {isa = PBXFileReference; lastKnownFileType = folder.assetcatalog; path = Assets.xcassets; sourceTree = "<group>"; };
		8DF5CAA22571E4FB009AFE11 /* Preview Assets.xcassets */ = {isa = PBXFileReference; lastKnownFileType = folder.assetcatalog; path = "Preview Assets.xcassets"; sourceTree = "<group>"; };
		8DF5CAA52571E4FB009AFE11 /* Base */ = {isa = PBXFileReference; lastKnownFileType = file.storyboard; name = Base; path = Base.lproj/Main.storyboard; sourceTree = "<group>"; };
		8DF5CAA72571E4FB009AFE11 /* Info.plist */ = {isa = PBXFileReference; lastKnownFileType = text.plist.xml; path = Info.plist; sourceTree = "<group>"; };
		8DF5CAA82571E4FB009AFE11 /* Gump.entitlements */ = {isa = PBXFileReference; lastKnownFileType = text.plist.entitlements; path = Gump.entitlements; sourceTree = "<group>"; };
		8DF5CAB52571E67B009AFE11 /* Branch.swift */ = {isa = PBXFileReference; lastKnownFileType = sourcecode.swift; path = Branch.swift; sourceTree = "<group>"; };
		8DF5CAB92571E684009AFE11 /* LocalRepo.swift */ = {isa = PBXFileReference; lastKnownFileType = sourcecode.swift; path = LocalRepo.swift; sourceTree = "<group>"; };
		8DF5CAC22571E6E3009AFE11 /* GitService.swift */ = {isa = PBXFileReference; lastKnownFileType = sourcecode.swift; path = GitService.swift; sourceTree = "<group>"; };
		8DF5CAC52571E71C009AFE11 /* ReposViewModel.swift */ = {isa = PBXFileReference; lastKnownFileType = sourcecode.swift; path = ReposViewModel.swift; sourceTree = "<group>"; };
		8DF5CAC82571E758009AFE11 /* BranchesViewModel.swift */ = {isa = PBXFileReference; lastKnownFileType = sourcecode.swift; path = BranchesViewModel.swift; sourceTree = "<group>"; };
		8DF5CAD225737733009AFE11 /* ReposView.swift */ = {isa = PBXFileReference; lastKnownFileType = sourcecode.swift; path = ReposView.swift; sourceTree = "<group>"; };
		8DF5CAED2573C1BE009AFE11 /* BranchesView.swift */ = {isa = PBXFileReference; lastKnownFileType = sourcecode.swift; path = BranchesView.swift; sourceTree = "<group>"; };
/* End PBXFileReference section */

/* Begin PBXFrameworksBuildPhase section */
		8DF5CA952571E4FB009AFE11 /* Frameworks */ = {
			isa = PBXFrameworksBuildPhase;
			buildActionMask = 2147483647;
			files = (
			);
			runOnlyForDeploymentPostprocessing = 0;
		};
/* End PBXFrameworksBuildPhase section */

/* Begin PBXGroup section */
		8DF5CA8F2571E4FB009AFE11 = {
			isa = PBXGroup;
			children = (
				8DF5CA9A2571E4FB009AFE11 /* Gump */,
				8DF5CA992571E4FB009AFE11 /* Products */,
			);
			sourceTree = "<group>";
		};
		8DF5CA992571E4FB009AFE11 /* Products */ = {
			isa = PBXGroup;
			children = (
				8DF5CA982571E4FB009AFE11 /* Gump.app */,
			);
			name = Products;
			sourceTree = "<group>";
		};
		8DF5CA9A2571E4FB009AFE11 /* Gump */ = {
			isa = PBXGroup;
			children = (
				8DF5CAB42571E651009AFE11 /* Model */,
				8DF5CABD2571E698009AFE11 /* Service */,
				8DF5CABC2571E689009AFE11 /* ViewModel */,
				8DF5CACB2571E788009AFE11 /* View */,
				8DF5CA9B2571E4FB009AFE11 /* AppDelegate.swift */,
				8DF5CA9F2571E4FB009AFE11 /* Assets.xcassets */,
				8DF5CAA42571E4FB009AFE11 /* Main.storyboard */,
				8DF5CAA72571E4FB009AFE11 /* Info.plist */,
				8DF5CAA82571E4FB009AFE11 /* Gump.entitlements */,
				8DF5CAA12571E4FB009AFE11 /* Preview Content */,
			);
			path = Gump;
			sourceTree = "<group>";
		};
		8DF5CAA12571E4FB009AFE11 /* Preview Content */ = {
			isa = PBXGroup;
			children = (
				8DF5CAA22571E4FB009AFE11 /* Preview Assets.xcassets */,
			);
			path = "Preview Content";
			sourceTree = "<group>";
		};
		8DF5CAB42571E651009AFE11 /* Model */ = {
			isa = PBXGroup;
			children = (
				8DF5CAB92571E684009AFE11 /* LocalRepo.swift */,
				8DF5CAB52571E67B009AFE11 /* Branch.swift */,
			);
			path = Model;
			sourceTree = "<group>";
		};
		8DF5CABC2571E689009AFE11 /* ViewModel */ = {
			isa = PBXGroup;
			children = (
				8DF5CAC52571E71C009AFE11 /* ReposViewModel.swift */,
				8DF5CAC82571E758009AFE11 /* BranchesViewModel.swift */,
			);
			path = ViewModel;
			sourceTree = "<group>";
		};
		8DF5CABD2571E698009AFE11 /* Service */ = {
			isa = PBXGroup;
			children = (
				8DF5CAC22571E6E3009AFE11 /* GitService.swift */,
			);
			path = Service;
			sourceTree = "<group>";
		};
		8DF5CACB2571E788009AFE11 /* View */ = {
			isa = PBXGroup;
			children = (
				8DF5CA9D2571E4FB009AFE11 /* RootView.swift */,
				8DF5CAD225737733009AFE11 /* ReposView.swift */,
				8DF5CAED2573C1BE009AFE11 /* BranchesView.swift */,
			);
			path = View;
			sourceTree = "<group>";
		};
/* End PBXGroup section */

/* Begin PBXNativeTarget section */
		8DF5CA972571E4FB009AFE11 /* Gump */ = {
			isa = PBXNativeTarget;
			buildConfigurationList = 8DF5CAAB2571E4FB009AFE11 /* Build configuration list for PBXNativeTarget "Gump" */;
			buildPhases = (
				8DF5CA942571E4FB009AFE11 /* Sources */,
				8DF5CA952571E4FB009AFE11 /* Frameworks */,
				8DF5CA962571E4FB009AFE11 /* Resources */,
			);
			buildRules = (
			);
			dependencies = (
			);
			name = Gump;
			productName = Gump;
			productReference = 8DF5CA982571E4FB009AFE11 /* Gump.app */;
			productType = "com.apple.product-type.application";
		};
/* End PBXNativeTarget section */

/* Begin PBXProject section */
		8DF5CA902571E4FB009AFE11 /* Project object */ = {
			isa = PBXProject;
			attributes = {
				LastSwiftUpdateCheck = 1220;
				LastUpgradeCheck = 1220;
				TargetAttributes = {
					8DF5CA972571E4FB009AFE11 = {
						CreatedOnToolsVersion = 12.2;
					};
				};
			};
			buildConfigurationList = 8DF5CA932571E4FB009AFE11 /* Build configuration list for PBXProject "Gump" */;
			compatibilityVersion = "Xcode 9.3";
			developmentRegion = en;
			hasScannedForEncodings = 0;
			knownRegions = (
				en,
				Base,
			);
			mainGroup = 8DF5CA8F2571E4FB009AFE11;
			productRefGroup = 8DF5CA992571E4FB009AFE11 /* Products */;
			projectDirPath = "";
			projectRoot = "";
			targets = (
				8DF5CA972571E4FB009AFE11 /* Gump */,
			);
		};
/* End PBXProject section */

/* Begin PBXResourcesBuildPhase section */
		8DF5CA962571E4FB009AFE11 /* Resources */ = {
			isa = PBXResourcesBuildPhase;
			buildActionMask = 2147483647;
			files = (
				8DF5CAA62571E4FB009AFE11 /* Main.storyboard in Resources */,
				8DF5CAA32571E4FB009AFE11 /* Preview Assets.xcassets in Resources */,
				8DF5CAA02571E4FB009AFE11 /* Assets.xcassets in Resources */,
			);
			runOnlyForDeploymentPostprocessing = 0;
		};
/* End PBXResourcesBuildPhase section */

/* Begin PBXSourcesBuildPhase section */
		8DF5CA942571E4FB009AFE11 /* Sources */ = {
			isa = PBXSourcesBuildPhase;
			buildActionMask = 2147483647;
			files = (
				8DF5CAD325737733009AFE11 /* ReposView.swift in Sources */,
				8DF5CAC62571E71C009AFE11 /* ReposViewModel.swift in Sources */,
				8DF5CA9E2571E4FB009AFE11 /* RootView.swift in Sources */,
				8DF5CAB62571E67B009AFE11 /* Branch.swift in Sources */,
				8DF5CAC92571E758009AFE11 /* BranchesViewModel.swift in Sources */,
				8DF5CA9C2571E4FB009AFE11 /* AppDelegate.swift in Sources */,
				8DF5CAC32571E6E3009AFE11 /* GitService.swift in Sources */,
				8DF5CAEE2573C1BE009AFE11 /* BranchesView.swift in Sources */,
				8DF5CABA2571E684009AFE11 /* LocalRepo.swift in Sources */,
			);
			runOnlyForDeploymentPostprocessing = 0;
		};
/* End PBXSourcesBuildPhase section */

/* Begin PBXVariantGroup section */
		8DF5CAA42571E4FB009AFE11 /* Main.storyboard */ = {
			isa = PBXVariantGroup;
			children = (
				8DF5CAA52571E4FB009AFE11 /* Base */,
			);
			name = Main.storyboard;
			sourceTree = "<group>";
		};
/* End PBXVariantGroup section */

/* Begin XCBuildConfiguration section */
		8DF5CAA92571E4FB009AFE11 /* Debug */ = {
			isa = XCBuildConfiguration;
			buildSettings = {
				ALWAYS_SEARCH_USER_PATHS = NO;
				CLANG_ANALYZER_NONNULL = YES;
				CLANG_ANALYZER_NUMBER_OBJECT_CONVERSION = YES_AGGRESSIVE;
				CLANG_CXX_LANGUAGE_STANDARD = "gnu++14";
				CLANG_CXX_LIBRARY = "libc++";
				CLANG_ENABLE_MODULES = YES;
				CLANG_ENABLE_OBJC_ARC = YES;
				CLANG_ENABLE_OBJC_WEAK = YES;
				CLANG_WARN_BLOCK_CAPTURE_AUTORELEASING = YES;
				CLANG_WARN_BOOL_CONVERSION = YES;
				CLANG_WARN_COMMA = YES;
				CLANG_WARN_CONSTANT_CONVERSION = YES;
				CLANG_WARN_DEPRECATED_OBJC_IMPLEMENTATIONS = YES;
				CLANG_WARN_DIRECT_OBJC_ISA_USAGE = YES_ERROR;
				CLANG_WARN_DOCUMENTATION_COMMENTS = YES;
				CLANG_WARN_EMPTY_BODY = YES;
				CLANG_WARN_ENUM_CONVERSION = YES;
				CLANG_WARN_INFINITE_RECURSION = YES;
				CLANG_WARN_INT_CONVERSION = YES;
				CLANG_WARN_NON_LITERAL_NULL_CONVERSION = YES;
				CLANG_WARN_OBJC_IMPLICIT_RETAIN_SELF = YES;
				CLANG_WARN_OBJC_LITERAL_CONVERSION = YES;
				CLANG_WARN_OBJC_ROOT_CLASS = YES_ERROR;
				CLANG_WARN_QUOTED_INCLUDE_IN_FRAMEWORK_HEADER = YES;
				CLANG_WARN_RANGE_LOOP_ANALYSIS = YES;
				CLANG_WARN_STRICT_PROTOTYPES = YES;
				CLANG_WARN_SUSPICIOUS_MOVE = YES;
				CLANG_WARN_UNGUARDED_AVAILABILITY = YES_AGGRESSIVE;
				CLANG_WARN_UNREACHABLE_CODE = YES;
				CLANG_WARN__DUPLICATE_METHOD_MATCH = YES;
				COPY_PHASE_STRIP = NO;
				DEBUG_INFORMATION_FORMAT = dwarf;
				ENABLE_STRICT_OBJC_MSGSEND = YES;
				ENABLE_TESTABILITY = YES;
				GCC_C_LANGUAGE_STANDARD = gnu11;
				GCC_DYNAMIC_NO_PIC = NO;
				GCC_NO_COMMON_BLOCKS = YES;
				GCC_OPTIMIZATION_LEVEL = 0;
				GCC_PREPROCESSOR_DEFINITIONS = (
					"DEBUG=1",
					"$(inherited)",
				);
				GCC_WARN_64_TO_32_BIT_CONVERSION = YES;
				GCC_WARN_ABOUT_RETURN_TYPE = YES_ERROR;
				GCC_WARN_UNDECLARED_SELECTOR = YES;
				GCC_WARN_UNINITIALIZED_AUTOS = YES_AGGRESSIVE;
				GCC_WARN_UNUSED_FUNCTION = YES;
				GCC_WARN_UNUSED_VARIABLE = YES;
				MACOSX_DEPLOYMENT_TARGET = 10.15;
				MTL_ENABLE_DEBUG_INFO = INCLUDE_SOURCE;
				MTL_FAST_MATH = YES;
				ONLY_ACTIVE_ARCH = YES;
				SDKROOT = macosx;
				SWIFT_ACTIVE_COMPILATION_CONDITIONS = DEBUG;
				SWIFT_OPTIMIZATION_LEVEL = "-Onone";
			};
			name = Debug;
		};
		8DF5CAAA2571E4FB009AFE11 /* Release */ = {
			isa = XCBuildConfiguration;
			buildSettings = {
				ALWAYS_SEARCH_USER_PATHS = NO;
				CLANG_ANALYZER_NONNULL = YES;
				CLANG_ANALYZER_NUMBER_OBJECT_CONVERSION = YES_AGGRESSIVE;
				CLANG_CXX_LANGUAGE_STANDARD = "gnu++14";
				CLANG_CXX_LIBRARY = "libc++";
				CLANG_ENABLE_MODULES = YES;
				CLANG_ENABLE_OBJC_ARC = YES;
				CLANG_ENABLE_OBJC_WEAK = YES;
				CLANG_WARN_BLOCK_CAPTURE_AUTORELEASING = YES;
				CLANG_WARN_BOOL_CONVERSION = YES;
				CLANG_WARN_COMMA = YES;
				CLANG_WARN_CONSTANT_CONVERSION = YES;
				CLANG_WARN_DEPRECATED_OBJC_IMPLEMENTATIONS = YES;
				CLANG_WARN_DIRECT_OBJC_ISA_USAGE = YES_ERROR;
				CLANG_WARN_DOCUMENTATION_COMMENTS = YES;
				CLANG_WARN_EMPTY_BODY = YES;
				CLANG_WARN_ENUM_CONVERSION = YES;
				CLANG_WARN_INFINITE_RECURSION = YES;
				CLANG_WARN_INT_CONVERSION = YES;
				CLANG_WARN_NON_LITERAL_NULL_CONVERSION = YES;
				CLANG_WARN_OBJC_IMPLICIT_RETAIN_SELF = YES;
				CLANG_WARN_OBJC_LITERAL_CONVERSION = YES;
				CLANG_WARN_OBJC_ROOT_CLASS = YES_ERROR;
				CLANG_WARN_QUOTED_INCLUDE_IN_FRAMEWORK_HEADER = YES;
				CLANG_WARN_RANGE_LOOP_ANALYSIS = YES;
				CLANG_WARN_STRICT_PROTOTYPES = YES;
				CLANG_WARN_SUSPICIOUS_MOVE = YES;
				CLANG_WARN_UNGUARDED_AVAILABILITY = YES_AGGRESSIVE;
				CLANG_WARN_UNREACHABLE_CODE = YES;
				CLANG_WARN__DUPLICATE_METHOD_MATCH = YES;
				COPY_PHASE_STRIP = NO;
				DEBUG_INFORMATION_FORMAT = "dwarf-with-dsym";
				ENABLE_NS_ASSERTIONS = NO;
				ENABLE_STRICT_OBJC_MSGSEND = YES;
				GCC_C_LANGUAGE_STANDARD = gnu11;
				GCC_NO_COMMON_BLOCKS = YES;
				GCC_WARN_64_TO_32_BIT_CONVERSION = YES;
				GCC_WARN_ABOUT_RETURN_TYPE = YES_ERROR;
				GCC_WARN_UNDECLARED_SELECTOR = YES;
				GCC_WARN_UNINITIALIZED_AUTOS = YES_AGGRESSIVE;
				GCC_WARN_UNUSED_FUNCTION = YES;
				GCC_WARN_UNUSED_VARIABLE = YES;
				MACOSX_DEPLOYMENT_TARGET = 10.15;
				MTL_ENABLE_DEBUG_INFO = NO;
				MTL_FAST_MATH = YES;
				SDKROOT = macosx;
				SWIFT_COMPILATION_MODE = wholemodule;
				SWIFT_OPTIMIZATION_LEVEL = "-O";
			};
			name = Release;
		};
		8DF5CAAC2571E4FB009AFE11 /* Debug */ = {
			isa = XCBuildConfiguration;
			buildSettings = {
				ASSETCATALOG_COMPILER_APPICON_NAME = AppIcon;
				ASSETCATALOG_COMPILER_GLOBAL_ACCENT_COLOR_NAME = AccentColor;
				CODE_SIGN_ENTITLEMENTS = Gump/Gump.entitlements;
				CODE_SIGN_STYLE = Automatic;
				COMBINE_HIDPI_IMAGES = YES;
				DEVELOPMENT_ASSET_PATHS = "\"Gump/Preview Content\"";
				ENABLE_PREVIEWS = YES;
				INFOPLIST_FILE = Gump/Info.plist;
				LD_RUNPATH_SEARCH_PATHS = (
					"$(inherited)",
					"@executable_path/../Frameworks",
				);
				MACOSX_DEPLOYMENT_TARGET = 10.15;
				PRODUCT_BUNDLE_IDENTIFIER = dev.Gump;
				PRODUCT_NAME = "$(TARGET_NAME)";
				SWIFT_VERSION = 5.0;
			};
			name = Debug;
		};
		8DF5CAAD2571E4FB009AFE11 /* Release */ = {
			isa = XCBuildConfiguration;
			buildSettings = {
				ASSETCATALOG_COMPILER_APPICON_NAME = AppIcon;
				ASSETCATALOG_COMPILER_GLOBAL_ACCENT_COLOR_NAME = AccentColor;
				CODE_SIGN_ENTITLEMENTS = Gump/Gump.entitlements;
				CODE_SIGN_STYLE = Automatic;
				COMBINE_HIDPI_IMAGES = YES;
				DEVELOPMENT_ASSET_PATHS = "\"Gump/Preview Content\"";
				ENABLE_PREVIEWS = YES;
				INFOPLIST_FILE = Gump/Info.plist;
				LD_RUNPATH_SEARCH_PATHS = (
					"$(inherited)",
					"@executable_path/../Frameworks",
				);
				MACOSX_DEPLOYMENT_TARGET = 10.15;
				PRODUCT_BUNDLE_IDENTIFIER = dev.Gump;
				PRODUCT_NAME = "$(TARGET_NAME)";
				SWIFT_VERSION = 5.0;
			};
			name = Release;
		};
/* End XCBuildConfiguration section */

/* Begin XCConfigurationList section */
		8DF5CA932571E4FB009AFE11 /* Build configuration list for PBXProject "Gump" */ = {
			isa = XCConfigurationList;
			buildConfigurations = (
				8DF5CAA92571E4FB009AFE11 /* Debug */,
				8DF5CAAA2571E4FB009AFE11 /* Release */,
			);
			defaultConfigurationIsVisible = 0;
			defaultConfigurationName = Release;
		};
		8DF5CAAB2571E4FB009AFE11 /* Build configuration list for PBXNativeTarget "Gump" */ = {
			isa = XCConfigurationList;
			buildConfigurations = (
				8DF5CAAC2571E4FB009AFE11 /* Debug */,
				8DF5CAAD2571E4FB009AFE11 /* Release */,
			);
			defaultConfigurationIsVisible = 0;
			defaultConfigurationName = Release;
		};
/* End XCConfigurationList section */
	};
	rootObject = 8DF5CA902571E4FB009AFE11 /* Project object */;
}
